
Microsoft Visual Studio Solution File, Format Version 12.00
# Visual Studio Version 16
VisualStudioVersion = 16.0.29806.167
MinimumVisualStudioVersion = 10.0.40219.1
Project("{9A19103F-16F7-4668-BE54-9A1E7A4F7556}") = "GeneralRoboticsToolboxNET", "TestGeneralRoboticsToolboxNET\GeneralRoboticsToolboxNET.csproj", "{A2364909-37A8-4BE7-8112-E54DAE228A4A}"
EndProject
Project("{9A19103F-16F7-4668-BE54-9A1E7A4F7556}") = "GeneralRoboticsToolboxTests", "GeneralRoboticsToolboxTests\GeneralRoboticsToolboxTests.csproj", "{66091432-C49A-41F6-8A39-D1F59704E6AE}"
EndProject
Global
	GlobalSection(SolutionConfigurationPlatforms) = preSolution
		Debug|Any CPU = Debug|Any CPU
		Release|Any CPU = Release|Any CPU
	EndGlobalSection
	GlobalSection(ProjectConfigurationPlatforms) = postSolution
		{A2364909-37A8-4BE7-8112-E54DAE228A4A}.Debug|Any CPU.ActiveCfg = Debug|Any CPU
		{A2364909-37A8-4BE7-8112-E54DAE228A4A}.Debug|Any CPU.Build.0 = Debug|Any CPU
		{A2364909-37A8-4BE7-8112-E54DAE228A4A}.Release|Any CPU.ActiveCfg = Release|Any CPU
		{A2364909-37A8-4BE7-8112-E54DAE228A4A}.Release|Any CPU.Build.0 = Release|Any CPU
		{66091432-C49A-41F6-8A39-D1F59704E6AE}.Debug|Any CPU.ActiveCfg = Debug|Any CPU
		{66091432-C49A-41F6-8A39-D1F59704E6AE}.Debug|Any CPU.Build.0 = Debug|Any CPU
		{66091432-C49A-41F6-8A39-D1F59704E6AE}.Release|Any CPU.ActiveCfg = Release|Any CPU
		{66091432-C49A-41F6-8A39-D1F59704E6AE}.Release|Any CPU.Build.0 = Release|Any CPU
	EndGlobalSection
	GlobalSection(SolutionProperties) = preSolution
		HideSolutionNode = FALSE
	EndGlobalSection
	GlobalSection(ExtensibilityGlobals) = postSolution
		SolutionGuid = {04806105-A958-4895-9DFB-1DC6D38F25E5}
	EndGlobalSection
EndGlobal
