
Microsoft Visual Studio Solution File, Format Version 12.00
# Visual Studio 15
VisualStudioVersion = 15.0.28307.902
MinimumVisualStudioVersion = 10.0.40219.1
Project("{FAE04EC0-301F-11D3-BF4B-00C04F79EFBC}") = "TestGeneralRoboticsToolboxNET", "TestGeneralRoboticsToolboxNET\TestGeneralRoboticsToolboxNET.csproj", "{A2364909-37A8-4BE7-8112-E54DAE228A4A}"
EndProject
Project("{FAE04EC0-301F-11D3-BF4B-00C04F79EFBC}") = "GeneralRoboticsToolboxTests", "GeneralRoboticsToolboxTests\GeneralRoboticsToolboxTests.csproj", "{66091432-C49A-41F6-8A39-D1F59704E6AE}"
EndProject
Global
	GlobalSection(SolutionConfigurationPlatforms) = preSolution
		Debug|Any CPU = Debug|Any CPU
		Release|Any CPU = Release|Any CPU
	EndGlobalSection
	GlobalSection(ProjectConfigurationPlatforms) = postSolution
		{A2364909-37A8-4BE7-8112-E54DAE228A4A}.Debug|Any CPU.ActiveCfg = Debug|Any CPU
		{A2364909-37A8-4BE7-8112-E54DAE228A4A}.Debug|Any CPU.Build.0 = Debug|Any CPU
		{A2364909-37A8-4BE7-8112-E54DAE228A4A}.Release|Any CPU.ActiveCfg = Release|Any CPU
		{A2364909-37A8-4BE7-8112-E54DAE228A4A}.Release|Any CPU.Build.0 = Release|Any CPU
		{66091432-C49A-41F6-8A39-D1F59704E6AE}.Debug|Any CPU.ActiveCfg = Debug|Any CPU
		{66091432-C49A-41F6-8A39-D1F59704E6AE}.Debug|Any CPU.Build.0 = Debug|Any CPU
		{66091432-C49A-41F6-8A39-D1F59704E6AE}.Release|Any CPU.ActiveCfg = Release|Any CPU
		{66091432-C49A-41F6-8A39-D1F59704E6AE}.Release|Any CPU.Build.0 = Release|Any CPU
	EndGlobalSection
	GlobalSection(SolutionProperties) = preSolution
		HideSolutionNode = FALSE
	EndGlobalSection
	GlobalSection(ExtensibilityGlobals) = postSolution
		SolutionGuid = {04806105-A958-4895-9DFB-1DC6D38F25E5}
	EndGlobalSection
EndGlobal
